// !$*UTF8*$!
{
	archiveVersion = 1;
	classes = {
	};
	objectVersion = 56;
	objects = {

/* Begin PBXBuildFile section */
		AA0001 /* FlowbarApp.swift in Sources */ = {isa = PBXBuildFile; fileRef = AA0011 /* FlowbarApp.swift */; };
		AA0002 /* AppDelegate.swift in Sources */ = {isa = PBXBuildFile; fileRef = AA0012 /* AppDelegate.swift */; };
		AA0003 /* FlowbarAnimations.swift in Sources */ = {isa = PBXBuildFile; fileRef = AA0013 /* FlowbarAnimations.swift */; };
		AA0004 /* AppAssignment.swift in Sources */ = {isa = PBXBuildFile; fileRef = AA0014 /* AppAssignment.swift */; };
		AA0005 /* DNDApp.swift in Sources */ = {isa = PBXBuildFile; fileRef = AA0015 /* DNDApp.swift */; };
		AA0006 /* IconAssignment.swift in Sources */ = {isa = PBXBuildFile; fileRef = AA0016 /* IconAssignment.swift */; };
		AA0007 /* Mode.swift in Sources */ = {isa = PBXBuildFile; fileRef = AA0017 /* Mode.swift */; };
		AA0008 /* OnboardingState.swift in Sources */ = {isa = PBXBuildFile; fileRef = AA0018 /* OnboardingState.swift */; };
		AA0009 /* Preference.swift in Sources */ = {isa = PBXBuildFile; fileRef = AA0019 /* Preference.swift */; };
		AA0010 /* DataController.swift in Sources */ = {isa = PBXBuildFile; fileRef = AA0020 /* DataController.swift */; };
		AA001A /* FeedbackManager.swift in Sources */ = {isa = PBXBuildFile; fileRef = AA0021 /* FeedbackManager.swift */; };
		AA001B /* OptimizationManager.swift in Sources */ = {isa = PBXBuildFile; fileRef = AA0022 /* OptimizationManager.swift */; };
		AA001C /* FocusGuardManager.swift in Sources */ = {isa = PBXBuildFile; fileRef = AA0023 /* FocusGuardManager.swift */; };
		AA001D /* FocusGuardStatusOverlay.swift in Sources */ = {isa = PBXBuildFile; fileRef = AA0024 /* FocusGuardStatusOverlay.swift */; };
		AA001E /* HelpView.swift in Sources */ = {isa = PBXBuildFile; fileRef = AA0025 /* HelpView.swift */; };
		AA001F /* LauncherManager.swift in Sources */ = {isa = PBXBuildFile; fileRef = AA0026 /* LauncherManager.swift */; };
		AA002A /* MenuBarManager.swift in Sources */ = {isa = PBXBuildFile; fileRef = AA0027 /* MenuBarManager.swift */; };
		AA002B /* ModeManager.swift in Sources */ = {isa = PBXBuildFile; fileRef = AA0028 /* ModeManager.swift */; };
		AA002C /* OnboardingCoordinator.swift in Sources */ = {isa = PBXBuildFile; fileRef = AA0029 /* OnboardingCoordinator.swift */; };
		AA002D /* SettingsView.swift in Sources */ = {isa = PBXBuildFile; fileRef = AA0030 /* SettingsView.swift */; };
		AA002E /* Constants.swift in Sources */ = {isa = PBXBuildFile; fileRef = AA0031 /* Constants.swift */; };
		AA002F /* Extensions.swift in Sources */ = {isa = PBXBuildFile; fileRef = AA0032 /* Extensions.swift */; };
		AA0030 /* KeyboardShortcut.swift in Sources */ = {isa = PBXBuildFile; fileRef = AA0033 /* KeyboardShortcut.swift */; };
		AA0031 /* ModeSwitcherView.swift in Sources */ = {isa = PBXBuildFile; fileRef = AA0034 /* ModeSwitcherView.swift */; };
		AA0032 /* Assets.xcassets in Resources */ = {isa = PBXBuildFile; fileRef = AA0035 /* Assets.xcassets */; };
/* End PBXBuildFile section */

/* Begin PBXFileReference section */
		AA0000 /* Flowbar.app */ = {isa = PBXFileReference; explicitFileType = wrapper.application; includeInIndex = 0; path = Flowbar.app; sourceTree = BUILT_PRODUCTS_DIR; };
		AA0011 /* FlowbarApp.swift */ = {isa = PBXFileReference; lastKnownFileType = sourcecode.swift; path = FlowbarApp.swift; sourceTree = "<group>"; };
		AA0012 /* AppDelegate.swift */ = {isa = PBXFileReference; lastKnownFileType = sourcecode.swift; path = AppDelegate.swift; sourceTree = "<group>"; };
		AA0013 /* FlowbarAnimations.swift */ = {isa = PBXFileReference; lastKnownFileType = sourcecode.swift; path = FlowbarAnimations.swift; sourceTree = "<group>"; };
		AA0014 /* AppAssignment.swift */ = {isa = PBXFileReference; lastKnownFileType = sourcecode.swift; path = AppAssignment.swift; sourceTree = "<group>"; };
		AA0015 /* DNDApp.swift */ = {isa = PBXFileReference; lastKnownFileType = sourcecode.swift; path = DNDApp.swift; sourceTree = "<group>"; };
		AA0016 /* IconAssignment.swift */ = {isa = PBXFileReference; lastKnownFileType = sourcecode.swift; path = IconAssignment.swift; sourceTree = "<group>"; };
		AA0017 /* Mode.swift */ = {isa = PBXFileReference; lastKnownFileType = sourcecode.swift; path = Mode.swift; sourceTree = "<group>"; };
		AA0018 /* OnboardingState.swift */ = {isa = PBXFileReference; lastKnownFileType = sourcecode.swift; path = OnboardingState.swift; sourceTree = "<group>"; };
		AA0019 /* Preference.swift */ = {isa = PBXFileReference; lastKnownFileType = sourcecode.swift; path = Preference.swift; sourceTree = "<group>"; };
		AA0020 /* DataController.swift */ = {isa = PBXFileReference; lastKnownFileType = sourcecode.swift; path = DataController.swift; sourceTree = "<group>"; };
		AA0021 /* FeedbackManager.swift */ = {isa = PBXFileReference; lastKnownFileType = sourcecode.swift; path = FeedbackManager.swift; sourceTree = "<group>"; };
		AA0022 /* OptimizationManager.swift */ = {isa = PBXFileReference; lastKnownFileType = sourcecode.swift; path = OptimizationManager.swift; sourceTree = "<group>"; };
		AA0023 /* FocusGuardManager.swift */ = {isa = PBXFileReference; lastKnownFileType = sourcecode.swift; path = FocusGuardManager.swift; sourceTree = "<group>"; };
		AA0024 /* FocusGuardStatusOverlay.swift */ = {isa = PBXFileReference; lastKnownFileType = sourcecode.swift; path = FocusGuardStatusOverlay.swift; sourceTree = "<group>"; };
		AA0025 /* HelpView.swift */ = {isa = PBXFileReference; lastKnownFileType = sourcecode.swift; path = HelpView.swift; sourceTree = "<group>"; };
		AA0026 /* LauncherManager.swift */ = {isa = PBXFileReference; lastKnownFileType = sourcecode.swift; path = LauncherManager.swift; sourceTree = "<group>"; };
		AA0027 /* MenuBarManager.swift */ = {isa = PBXFileReference; lastKnownFileType = sourcecode.swift; path = MenuBarManager.swift; sourceTree = "<group>"; };
		AA0028 /* ModeManager.swift */ = {isa = PBXFileReference; lastKnownFileType = sourcecode.swift; path = ModeManager.swift; sourceTree = "<group>"; };
		AA0029 /* OnboardingCoordinator.swift */ = {isa = PBXFileReference; lastKnownFileType = sourcecode.swift; path = OnboardingCoordinator.swift; sourceTree = "<group>"; };
		AA0030 /* SettingsView.swift */ = {isa = PBXFileReference; lastKnownFileType = sourcecode.swift; path = SettingsView.swift; sourceTree = "<group>"; };
		AA0031 /* Constants.swift */ = {isa = PBXFileReference; lastKnownFileType = sourcecode.swift; path = Constants.swift; sourceTree = "<group>"; };
		AA0032 /* Extensions.swift */ = {isa = PBXFileReference; lastKnownFileType = sourcecode.swift; path = Extensions.swift; sourceTree = "<group>"; };
		AA0033 /* KeyboardShortcut.swift */ = {isa = PBXFileReference; lastKnownFileType = sourcecode.swift; path = KeyboardShortcut.swift; sourceTree = "<group>"; };
		AA0034 /* ModeSwitcherView.swift */ = {isa = PBXFileReference; lastKnownFileType = sourcecode.swift; path = ModeSwitcherView.swift; sourceTree = "<group>"; };
		AA0035 /* Assets.xcassets */ = {isa = PBXFileReference; lastKnownFileType = folder.assetcatalog; path = Assets.xcassets; sourceTree = "<group>"; };
		AA0036 /* Info.plist */ = {isa = PBXFileReference; lastKnownFileType = text.plist.xml; path = Info.plist; sourceTree = "<group>"; };
		AA0037 /* Flowbar.entitlements */ = {isa = PBXFileReference; lastKnownFileType = text.plist.entitlements; path = Flowbar.entitlements; sourceTree = "<group>"; };
/* End PBXFileReference section */

/* Begin PBXFrameworksBuildPhase section */
		AA0040 /* Frameworks */ = {
			isa = PBXFrameworksBuildPhase;
			buildActionMask = 2147483647;
			files = (
			);
			runOnlyForDeploymentPostprocessing = 0;
		};
/* End PBXFrameworksBuildPhase section */

/* Begin PBXGroup section */
		AA0050 = {
			isa = PBXGroup;
			children = (
				AA0051 /* Flowbar */,
				AA0052 /* Products */,
			);
			sourceTree = "<group>";
		};
		AA0051 /* Flowbar */ = {
			isa = PBXGroup;
			children = (
				AA0060 /* App */,
				AA0061 /* Core */,
				AA0062 /* Features */,
				AA0063 /* Shared */,
				AA0064 /* Resources */,
				AA0036 /* Info.plist */,
				AA0037 /* Flowbar.entitlements */,
			);
			path = ..;
			sourceTree = "<group>";
		};
		AA0052 /* Products */ = {
			isa = PBXGroup;
			children = (
				AA0000 /* Flowbar.app */,
			);
			name = Products;
			sourceTree = "<group>";
		};
		AA0060 /* App */ = {
			isa = PBXGroup;
			children = (
				AA0011 /* FlowbarApp.swift */,
				AA0012 /* AppDelegate.swift */,
			);
			path = App;
			sourceTree = "<group>";
		};
		AA0061 /* Core */ = {
			isa = PBXGroup;
			children = (
				AA0070 /* Animations */,
				AA0071 /* Models */,
				AA0072 /* Persistence */,
				AA0073 /* Utils */,
			);
			path = Core;
			sourceTree = "<group>";
		};
		AA0062 /* Features */ = {
			isa = PBXGroup;
			children = (
				AA0074 /* FocusGuard */,
				AA0075 /* Help */,
				AA0076 /* Launcher */,
				AA0077 /* MenuBar */,
				AA0078 /* ModeSwitcher */,
				AA0079 /* Onboarding */,
				AA0080 /* Settings */,
			);
			path = Features;
			sourceTree = "<group>";
		};
		AA0063 /* Shared */ = {
			isa = PBXGroup;
			children = (
				AA0081 /* Utils */,
				AA0082 /* Views */,
			);
			path = Shared;
			sourceTree = "<group>";
		};
		AA0064 /* Resources */ = {
			isa = PBXGroup;
			children = (
				AA0035 /* Assets.xcassets */,
			);
			path = Resources;
			sourceTree = "<group>";
		};
		AA0070 /* Animations */ = {
			isa = PBXGroup;
			children = (
				AA0013 /* FlowbarAnimations.swift */,
			);
			path = Animations;
			sourceTree = "<group>";
		};
		AA0071 /* Models */ = {
			isa = PBXGroup;
			children = (
				AA0014 /* AppAssignment.swift */,
				AA0015 /* DNDApp.swift */,
				AA0016 /* IconAssignment.swift */,
				AA0017 /* Mode.swift */,
				AA0018 /* OnboardingState.swift */,
				AA0019 /* Preference.swift */,
			);
			path = Models;
			sourceTree = "<group>";
		};
		AA0072 /* Persistence */ = {
			isa = PBXGroup;
			children = (
				AA0020 /* DataController.swift */,
			);
			path = Persistence;
			sourceTree = "<group>";
		};
		AA0073 /* Utils */ = {
			isa = PBXGroup;
			children = (
				AA0021 /* FeedbackManager.swift */,
				AA0022 /* OptimizationManager.swift */,
			);
			path = Utils;
			sourceTree = "<group>";
		};
		AA0074 /* FocusGuard */ = {
			isa = PBXGroup;
			children = (
				AA0023 /* FocusGuardManager.swift */,
				AA0024 /* FocusGuardStatusOverlay.swift */,
			);
			path = FocusGuard;
			sourceTree = "<group>";
		};
		AA0075 /* Help */ = {
			isa = PBXGroup;
			children = (
				AA0025 /* HelpView.swift */,
			);
			path = Help;
			sourceTree = "<group>";
		};
		AA0076 /* Launcher */ = {
			isa = PBXGroup;
			children = (
				AA0026 /* LauncherManager.swift */,
			);
			path = Launcher;
			sourceTree = "<group>";
		};
		AA0077 /* MenuBar */ = {
			isa = PBXGroup;
			children = (
				AA0027 /* MenuBarManager.swift */,
			);
			path = MenuBar;
			sourceTree = "<group>";
		};
		AA0078 /* ModeSwitcher */ = {
			isa = PBXGroup;
			children = (
				AA0028 /* ModeManager.swift */,
			);
			path = ModeSwitcher;
			sourceTree = "<group>";
		};
		AA0079 /* Onboarding */ = {
			isa = PBXGroup;
			children = (
				AA0029 /* OnboardingCoordinator.swift */,
			);
			path = Onboarding;
			sourceTree = "<group>";
		};
		AA0080 /* Settings */ = {
			isa = PBXGroup;
			children = (
				AA0030 /* SettingsView.swift */,
			);
			path = Settings;
			sourceTree = "<group>";
		};
		AA0081 /* Utils */ = {
			isa = PBXGroup;
			children = (
				AA0031 /* Constants.swift */,
				AA0032 /* Extensions.swift */,
				AA0033 /* KeyboardShortcut.swift */,
			);
			path = Utils;
			sourceTree = "<group>";
		};
		AA0082 /* Views */ = {
			isa = PBXGroup;
			children = (
				AA0034 /* ModeSwitcherView.swift */,
			);
			path = Views;
			sourceTree = "<group>";
		};
/* End PBXGroup section */

/* Begin PBXNativeTarget section */
		AA0090 /* Flowbar */ = {
			isa = PBXNativeTarget;
			buildConfigurationList = AA00A0 /* Build configuration list for PBXNativeTarget "Flowbar" */;
			buildPhases = (
				AA0091 /* Sources */,
				AA0040 /* Frameworks */,
				AA0092 /* Resources */,
			);
			buildRules = (
			);
			dependencies = (
			);
			name = Flowbar;
			productName = Flowbar;
			productReference = AA0000 /* Flowbar.app */;
			productType = "com.apple.product-type.application";
		};
/* End PBXNativeTarget section */

/* Begin PBXProject section */
		AA00A1 /* Project object */ = {
			isa = PBXProject;
			attributes = {
				BuildIndependentTargetsInParallel = 1;
				LastSwiftUpdateCheck = 1500;
				LastUpgradeCheck = 1500;
				TargetAttributes = {
					AA0090 = {
						CreatedOnToolsVersion = 15.0;
					};
				};
			};
			buildConfigurationList = AA00A2 /* Build configuration list for PBXProject "Flowbar" */;
			compatibilityVersion = "Xcode 14.0";
			developmentRegion = en;
			hasScannedForEncodings = 0;
			knownRegions = (
				en,
				Base,
			);
			mainGroup = AA0050;
			productRefGroup = AA0052 /* Products */;
			projectDirPath = "";
			projectRoot = "";
			targets = (
				AA0090 /* Flowbar */,
			);
		};
/* End PBXProject section */

/* Begin PBXResourcesBuildPhase section */
		AA0092 /* Resources */ = {
			isa = PBXResourcesBuildPhase;
			buildActionMask = 2147483647;
			files = (
				AA0032 /* Assets.xcassets in Resources */,
			);
			runOnlyForDeploymentPostprocessing = 0;
		};
/* End PBXResourcesBuildPhase section */

/* Begin PBXSourcesBuildPhase section */
		AA0091 /* Sources */ = {
			isa = PBXSourcesBuildPhase;
			buildActionMask = 2147483647;
			files = (
				AA0001 /* FlowbarApp.swift in Sources */,
				AA0002 /* AppDelegate.swift in Sources */,
				AA0003 /* FlowbarAnimations.swift in Sources */,
				AA0004 /* AppAssignment.swift in Sources */,
				AA0005 /* DNDApp.swift in Sources */,
				AA0006 /* IconAssignment.swift in Sources */,
				AA0007 /* Mode.swift in Sources */,
				AA0008 /* OnboardingState.swift in Sources */,
				AA0009 /* Preference.swift in Sources */,
				AA0010 /* DataController.swift in Sources */,
				AA001A /* FeedbackManager.swift in Sources */,
				AA001B /* OptimizationManager.swift in Sources */,
				AA001C /* FocusGuardManager.swift in Sources */,
				AA001D /* FocusGuardStatusOverlay.swift in Sources */,
				AA001E /* HelpView.swift in Sources */,
				AA001F /* LauncherManager.swift in Sources */,
				AA002A /* MenuBarManager.swift in Sources */,
				AA002B /* ModeManager.swift in Sources */,
				AA002C /* OnboardingCoordinator.swift in Sources */,
				AA002D /* SettingsView.swift in Sources */,
				AA002E /* Constants.swift in Sources */,
				AA002F /* Extensions.swift in Sources */,
				AA0030 /* KeyboardShortcut.swift in Sources */,
				AA0031 /* ModeSwitcherView.swift in Sources */,
			);
			runOnlyForDeploymentPostprocessing = 0;
		};
/* End PBXSourcesBuildPhase section */

/* Begin XCBuildConfiguration section */
		AA00B0 /* Debug */ = {
			isa = XCBuildConfiguration;
			buildSettings = {
				ALWAYS_SEARCH_USER_PATHS = NO;
				ASSETCATALOG_COMPILER_GENERATE_SWIFT_ASSET_SYMBOL_EXTENSIONS = YES;
				CLANG_ANALYZER_NONNULL = YES;
				CLANG_ANALYZER_NUMBER_OBJECT_CONVERSION = YES_AGGRESSIVE;
				CLANG_CXX_LANGUAGE_STANDARD = "gnu++20";
				CLANG_ENABLE_MODULES = YES;
				CLANG_ENABLE_OBJC_ARC = YES;
				CLANG_ENABLE_OBJC_WEAK = YES;
				CLANG_WARN_BLOCK_CAPTURE_AUTORELEASING = YES;
				CLANG_WARN_BOOL_CONVERSION = YES;
				CLANG_WARN_COMMA = YES;
				CLANG_WARN_CONSTANT_CONVERSION = YES;
				CLANG_WARN_DEPRECATED_OBJC_IMPLEMENTATIONS = YES;
				CLANG_WARN_DIRECT_OBJC_ISA_USAGE = YES_ERROR;
				CLANG_WARN_DOCUMENTATION_COMMENTS = YES;
				CLANG_WARN_EMPTY_BODY = YES;
				CLANG_WARN_ENUM_CONVERSION = YES;
				CLANG_WARN_INFINITE_RECURSION = YES;
				CLANG_WARN_INT_CONVERSION = YES;
				CLANG_WARN_NON_LITERAL_NULL_CONVERSION = YES;
				CLANG_WARN_OBJC_IMPLICIT_RETAIN_SELF = YES;
				CLANG_WARN_OBJC_LITERAL_CONVERSION = YES;
				CLANG_WARN_OBJC_ROOT_CLASS = YES_ERROR;
				CLANG_WARN_QUOTED_INCLUDE_IN_FRAMEWORK_HEADER = YES;
				CLANG_WARN_RANGE_LOOP_ANALYSIS = YES;
				CLANG_WARN_STRICT_PROTOTYPES = YES;
				CLANG_WARN_SUSPICIOUS_MOVE = YES;
				CLANG_WARN_UNGUARDED_AVAILABILITY = YES_AGGRESSIVE;
				CLANG_WARN_UNREACHABLE_CODE = YES;
				CLANG_WARN__DUPLICATE_METHOD_MATCH = YES;
				COPY_PHASE_STRIP = NO;
				DEBUG_INFORMATION_FORMAT = dwarf;
				ENABLE_STRICT_OBJC_MSGSEND = YES;
				ENABLE_TESTABILITY = YES;
				ENABLE_USER_SCRIPT_SANDBOXING = YES;
				GCC_C_LANGUAGE_STANDARD = gnu17;
				GCC_DYNAMIC_NO_PIC = NO;
				GCC_NO_COMMON_BLOCKS = YES;
				GCC_OPTIMIZATION_LEVEL = 0;
				GCC_PREPROCESSOR_DEFINITIONS = (
					"DEBUG=1",
					"$(inherited)",
				);
				GCC_WARN_64_TO_32_BIT_CONVERSION = YES;
				GCC_WARN_ABOUT_RETURN_TYPE = YES_ERROR;
				GCC_WARN_UNDECLARED_SELECTOR = YES;
				GCC_WARN_UNINITIALIZED_AUTOS = YES_AGGRESSIVE;
				GCC_WARN_UNUSED_FUNCTION = YES;
				GCC_WARN_UNUSED_VARIABLE = YES;
				LOCALIZATION_PREFERS_STRING_CATALOGS = YES;
				MACOSX_DEPLOYMENT_TARGET = 14.0;
				MTL_ENABLE_DEBUG_INFO = INCLUDE_SOURCE;
				MTL_FAST_MATH = YES;
				ONLY_ACTIVE_ARCH = YES;
				SDKROOT = macosx;
				SWIFT_ACTIVE_COMPILATION_CONDITIONS = "DEBUG $(inherited)";
				SWIFT_OPTIMIZATION_LEVEL = "-Onone";
			};
			name = Debug;
		};
		AA00B1 /* Release */ = {
			isa = XCBuildConfiguration;
			buildSettings = {
				ALWAYS_SEARCH_USER_PATHS = NO;
				ASSETCATALOG_COMPILER_GENERATE_SWIFT_ASSET_SYMBOL_EXTENSIONS = YES;
				CLANG_ANALYZER_NONNULL = YES;
				CLANG_ANALYZER_NUMBER_OBJECT_CONVERSION = YES_AGGRESSIVE;
				CLANG_CXX_LANGUAGE_STANDARD = "gnu++20";
				CLANG_ENABLE_MODULES = YES;
				CLANG_ENABLE_OBJC_ARC = YES;
				CLANG_ENABLE_OBJC_WEAK = YES;
				CLANG_WARN_BLOCK_CAPTURE_AUTORELEASING = YES;
				CLANG_WARN_BOOL_CONVERSION = YES;
				CLANG_WARN_COMMA = YES;
				CLANG_WARN_CONSTANT_CONVERSION = YES;
				CLANG_WARN_DEPRECATED_OBJC_IMPLEMENTATIONS = YES;
				CLANG_WARN_DIRECT_OBJC_ISA_USAGE = YES_ERROR;
				CLANG_WARN_DOCUMENTATION_COMMENTS = YES;
				CLANG_WARN_EMPTY_BODY = YES;
				CLANG_WARN_ENUM_CONVERSION = YES;
				CLANG_WARN_INFINITE_RECURSION = YES;
				CLANG_WARN_INT_CONVERSION = YES;
				CLANG_WARN_NON_LITERAL_NULL_CONVERSION = YES;
				CLANG_WARN_OBJC_IMPLICIT_RETAIN_SELF = YES;
				CLANG_WARN_OBJC_LITERAL_CONVERSION = YES;
				CLANG_WARN_OBJC_ROOT_CLASS = YES_ERROR;
				CLANG_WARN_QUOTED_INCLUDE_IN_FRAMEWORK_HEADER = YES;
				CLANG_WARN_RANGE_LOOP_ANALYSIS = YES;
				CLANG_WARN_STRICT_PROTOTYPES = YES;
				CLANG_WARN_SUSPICIOUS_MOVE = YES;
				CLANG_WARN_UNGUARDED_AVAILABILITY = YES_AGGRESSIVE;
				CLANG_WARN_UNREACHABLE_CODE = YES;
				CLANG_WARN__DUPLICATE_METHOD_MATCH = YES;
				COPY_PHASE_STRIP = NO;
				DEBUG_INFORMATION_FORMAT = "dwarf-with-dsym";
				ENABLE_NS_ASSERTIONS = NO;
				ENABLE_STRICT_OBJC_MSGSEND = YES;
				ENABLE_USER_SCRIPT_SANDBOXING = YES;
				GCC_C_LANGUAGE_STANDARD = gnu17;
				GCC_NO_COMMON_BLOCKS = YES;
				GCC_WARN_64_TO_32_BIT_CONVERSION = YES;
				GCC_WARN_ABOUT_RETURN_TYPE = YES_ERROR;
				GCC_WARN_UNDECLARED_SELECTOR = YES;
				GCC_WARN_UNINITIALIZED_AUTOS = YES_AGGRESSIVE;
				GCC_WARN_UNUSED_FUNCTION = YES;
				GCC_WARN_UNUSED_VARIABLE = YES;
				LOCALIZATION_PREFERS_STRING_CATALOGS = YES;
				MACOSX_DEPLOYMENT_TARGET = 14.0;
				MTL_ENABLE_DEBUG_INFO = NO;
				MTL_FAST_MATH = YES;
				SDKROOT = macosx;
				SWIFT_COMPILATION_MODE = wholemodule;
			};
			name = Release;
		};
		AA00B2 /* Debug */ = {
			isa = XCBuildConfiguration;
			buildSettings = {
				ASSETCATALOG_COMPILER_APPICON_NAME = AppIcon;
				ASSETCATALOG_COMPILER_GLOBAL_ACCENT_COLOR_NAME = AccentColor;
				CODE_SIGN_ENTITLEMENTS = Flowbar.entitlements;
				CODE_SIGN_STYLE = Automatic;
				COMBINE_HIDPI_IMAGES = YES;
				CURRENT_PROJECT_VERSION = 1;
				DEVELOPMENT_ASSET_PATHS = "";
				DEVELOPMENT_TEAM = "";
				ENABLE_HARDENED_RUNTIME = YES;
				ENABLE_PREVIEWS = YES;
				GENERATE_INFOPLIST_FILE = NO;
				INFOPLIST_FILE = Info.plist;
				INFOPLIST_KEY_NSHumanReadableCopyright = "";
				LD_RUNPATH_SEARCH_PATHS = (
					"$(inherited)",
					"@executable_path/../Frameworks",
				);
				MARKETING_VERSION = 0.1.0;
				PRODUCT_BUNDLE_IDENTIFIER = com.flowbar.app;
				PRODUCT_NAME = "$(TARGET_NAME)";
				SDKROOT = macosx;
				SWIFT_EMIT_LOC_STRINGS = YES;
				SWIFT_VERSION = 5.0;
			};
			name = Debug;
		};
		AA00B3 /* Release */ = {
			isa = XCBuildConfiguration;
			buildSettings = {
				ASSETCATALOG_COMPILER_APPICON_NAME = AppIcon;
				ASSETCATALOG_COMPILER_GLOBAL_ACCENT_COLOR_NAME = AccentColor;
				CODE_SIGN_ENTITLEMENTS = Flowbar.entitlements;
				CODE_SIGN_STYLE = Automatic;
				COMBINE_HIDPI_IMAGES = YES;
				CURRENT_PROJECT_VERSION = 1;
				DEVELOPMENT_ASSET_PATHS = "";
				DEVELOPMENT_TEAM = "";
				ENABLE_HARDENED_RUNTIME = YES;
				ENABLE_PREVIEWS = YES;
				GENERATE_INFOPLIST_FILE = NO;
				INFOPLIST_FILE = Info.plist;
				INFOPLIST_KEY_NSHumanReadableCopyright = "";
				LD_RUNPATH_SEARCH_PATHS = (
					"$(inherited)",
					"@executable_path/../Frameworks",
				);
				MARKETING_VERSION = 0.1.0;
				PRODUCT_BUNDLE_IDENTIFIER = com.flowbar.app;
				PRODUCT_NAME = "$(TARGET_NAME)";
				SDKROOT = macosx;
				SWIFT_EMIT_LOC_STRINGS = YES;
				SWIFT_VERSION = 5.0;
			};
			name = Release;
		};
/* End XCBuildConfiguration section */

/* Begin XCConfigurationList section */
		AA00A2 /* Build configuration list for PBXProject "Flowbar" */ = {
			isa = XCConfigurationList;
			buildConfigurations = (
				AA00B0 /* Debug */,
				AA00B1 /* Release */,
			);
			defaultConfigurationIsVisible = 0;
			defaultConfigurationName = Release;
		};
		AA00A0 /* Build configuration list for PBXNativeTarget "Flowbar" */ = {
			isa = XCConfigurationList;
			buildConfigurations = (
				AA00B2 /* Debug */,
				AA00B3 /* Release */,
			);
			defaultConfigurationIsVisible = 0;
			defaultConfigurationName = Release;
		};
/* End XCConfigurationList section */
	};
	rootObject = AA00A1 /* Project object */;
}
