// !$*UTF8*$!
{
	archiveVersion = 1;
	classes = {
	};
	objectVersion = 56;
	objects = {

/* Begin PBXBuildFile section */
		1A001 /* FlowbarApp.swift in Sources */ = {isa = PBXBuildFile; fileRef = 1A011; };
		1A002 /* AppDelegate.swift in Sources */ = {isa = PBXBuildFile; fileRef = 1A012; };
		1A003 /* FlowbarAnimations.swift in Sources */ = {isa = PBXBuildFile; fileRef = 1A013; };
		1A004 /* AppAssignment.swift in Sources */ = {isa = PBXBuildFile; fileRef = 1A014; };
		1A005 /* DNDApp.swift in Sources */ = {isa = PBXBuildFile; fileRef = 1A015; };
		1A006 /* IconAssignment.swift in Sources */ = {isa = PBXBuildFile; fileRef = 1A016; };
		1A007 /* Mode.swift in Sources */ = {isa = PBXBuildFile; fileRef = 1A017; };
		1A008 /* OnboardingState.swift in Sources */ = {isa = PBXBuildFile; fileRef = 1A018; };
		1A009 /* Preference.swift in Sources */ = {isa = PBXBuildFile; fileRef = 1A019; };
		1A010 /* DataController.swift in Sources */ = {isa = PBXBuildFile; fileRef = 1A020; };
		1A021 /* FeedbackManager.swift in Sources */ = {isa = PBXBuildFile; fileRef = 1A022; };
		1A023 /* OptimizationManager.swift in Sources */ = {isa = PBXBuildFile; fileRef = 1A024; };
		1A025 /* FocusGuardManager.swift in Sources */ = {isa = PBXBuildFile; fileRef = 1A026; };
		1A027 /* FocusGuardStatusOverlay.swift in Sources */ = {isa = PBXBuildFile; fileRef = 1A028; };
		1A029 /* HelpView.swift in Sources */ = {isa = PBXBuildFile; fileRef = 1A030; };
		1A031 /* LauncherManager.swift in Sources */ = {isa = PBXBuildFile; fileRef = 1A032; };
		1A033 /* MenuBarManager.swift in Sources */ = {isa = PBXBuildFile; fileRef = 1A034; };
		1A035 /* ModeManager.swift in Sources */ = {isa = PBXBuildFile; fileRef = 1A036; };
		1A037 /* OnboardingCoordinator.swift in Sources */ = {isa = PBXBuildFile; fileRef = 1A038; };
		1A039 /* SettingsView.swift in Sources */ = {isa = PBXBuildFile; fileRef = 1A040; };
		1A041 /* Constants.swift in Sources */ = {isa = PBXBuildFile; fileRef = 1A042; };
		1A043 /* Extensions.swift in Sources */ = {isa = PBXBuildFile; fileRef = 1A044; };
		1A045 /* KeyboardShortcut.swift in Sources */ = {isa = PBXBuildFile; fileRef = 1A046; };
		1A047 /* ModeSwitcherView.swift in Sources */ = {isa = PBXBuildFile; fileRef = 1A048; };
		1A049 /* Assets.xcassets in Resources */ = {isa = PBXBuildFile; fileRef = 1A050; };
/* End PBXBuildFile section */

/* Begin PBXFileReference section */
		1A060 /* Flowbar.app */ = {isa = PBXFileReference; explicitFileType = wrapper.application; includeInIndex = 0; path = Flowbar.app; sourceTree = BUILT_PRODUCTS_DIR; };
		1A011 /* FlowbarApp.swift */ = {isa = PBXFileReference; lastKnownFileType = sourcecode.swift; path = FlowbarApp.swift; sourceTree = "<group>"; };
		1A012 /* AppDelegate.swift */ = {isa = PBXFileReference; lastKnownFileType = sourcecode.swift; path = AppDelegate.swift; sourceTree = "<group>"; };
		1A013 /* FlowbarAnimations.swift */ = {isa = PBXFileReference; lastKnownFileType = sourcecode.swift; path = FlowbarAnimations.swift; sourceTree = "<group>"; };
		1A014 /* AppAssignment.swift */ = {isa = PBXFileReference; lastKnownFileType = sourcecode.swift; path = AppAssignment.swift; sourceTree = "<group>"; };
		1A015 /* DNDApp.swift */ = {isa = PBXFileReference; lastKnownFileType = sourcecode.swift; path = DNDApp.swift; sourceTree = "<group>"; };
		1A016 /* IconAssignment.swift */ = {isa = PBXFileReference; lastKnownFileType = sourcecode.swift; path = IconAssignment.swift; sourceTree = "<group>"; };
		1A017 /* Mode.swift */ = {isa = PBXFileReference; lastKnownFileType = sourcecode.swift; path = Mode.swift; sourceTree = "<group>"; };
		1A018 /* OnboardingState.swift */ = {isa = PBXFileReference; lastKnownFileType = sourcecode.swift; path = OnboardingState.swift; sourceTree = "<group>"; };
		1A019 /* Preference.swift */ = {isa = PBXFileReference; lastKnownFileType = sourcecode.swift; path = Preference.swift; sourceTree = "<group>"; };
		1A020 /* DataController.swift */ = {isa = PBXFileReference; lastKnownFileType = sourcecode.swift; path = DataController.swift; sourceTree = "<group>"; };
		1A022 /* FeedbackManager.swift */ = {isa = PBXFileReference; lastKnownFileType = sourcecode.swift; path = FeedbackManager.swift; sourceTree = "<group>"; };
		1A024 /* OptimizationManager.swift */ = {isa = PBXFileReference; lastKnownFileType = sourcecode.swift; path = OptimizationManager.swift; sourceTree = "<group>"; };
		1A026 /* FocusGuardManager.swift */ = {isa = PBXFileReference; lastKnownFileType = sourcecode.swift; path = FocusGuardManager.swift; sourceTree = "<group>"; };
		1A028 /* FocusGuardStatusOverlay.swift */ = {isa = PBXFileReference; lastKnownFileType = sourcecode.swift; path = FocusGuardStatusOverlay.swift; sourceTree = "<group>"; };
		1A030 /* HelpView.swift */ = {isa = PBXFileReference; lastKnownFileType = sourcecode.swift; path = HelpView.swift; sourceTree = "<group>"; };
		1A032 /* LauncherManager.swift */ = {isa = PBXFileReference; lastKnownFileType = sourcecode.swift; path = LauncherManager.swift; sourceTree = "<group>"; };
		1A034 /* MenuBarManager.swift */ = {isa = PBXFileReference; lastKnownFileType = sourcecode.swift; path = MenuBarManager.swift; sourceTree = "<group>"; };
		1A036 /* ModeManager.swift */ = {isa = PBXFileReference; lastKnownFileType = sourcecode.swift; path = ModeManager.swift; sourceTree = "<group>"; };
		1A038 /* OnboardingCoordinator.swift */ = {isa = PBXFileReference; lastKnownFileType = sourcecode.swift; path = OnboardingCoordinator.swift; sourceTree = "<group>"; };
		1A040 /* SettingsView.swift */ = {isa = PBXFileReference; lastKnownFileType = sourcecode.swift; path = SettingsView.swift; sourceTree = "<group>"; };
		1A042 /* Constants.swift */ = {isa = PBXFileReference; lastKnownFileType = sourcecode.swift; path = Constants.swift; sourceTree = "<group>"; };
		1A044 /* Extensions.swift */ = {isa = PBXFileReference; lastKnownFileType = sourcecode.swift; path = Extensions.swift; sourceTree = "<group>"; };
		1A046 /* KeyboardShortcut.swift */ = {isa = PBXFileReference; lastKnownFileType = sourcecode.swift; path = KeyboardShortcut.swift; sourceTree = "<group>"; };
		1A048 /* ModeSwitcherView.swift */ = {isa = PBXFileReference; lastKnownFileType = sourcecode.swift; path = ModeSwitcherView.swift; sourceTree = "<group>"; };
		1A050 /* Assets.xcassets */ = {isa = PBXFileReference; lastKnownFileType = folder.assetcatalog; path = Assets.xcassets; sourceTree = "<group>"; };
		1A061 /* Info.plist */ = {isa = PBXFileReference; lastKnownFileType = text.plist.xml; path = Info.plist; sourceTree = "<group>"; };
		1A062 /* Flowbar.entitlements */ = {isa = PBXFileReference; lastKnownFileType = text.plist.entitlements; path = Flowbar.entitlements; sourceTree = "<group>"; };
/* End PBXFileReference section */

/* Begin PBXFrameworksBuildPhase section */
		1A070 /* Frameworks */ = {
			isa = PBXFrameworksBuildPhase;
			buildActionMask = 2147483647;
			files = (
			);
			runOnlyForDeploymentPostprocessing = 0;
		};
/* End PBXFrameworksBuildPhase section */

/* Begin PBXGroup section */
		1A080 = {
			isa = PBXGroup;
			children = (
				1A081 /* Flowbar */,
				1A082 /* Products */,
			);
			sourceTree = "<group>";
		};
		1A081 /* Flowbar */ = {
			isa = PBXGroup;
			children = (
				1A090 /* App */,
				1A091 /* Core */,
				1A092 /* Features */,
				1A093 /* Shared */,
				1A094 /* Resources */,
				1A061 /* Info.plist */,
				1A062 /* Flowbar.entitlements */,
			);
			path = Flowbar;
			sourceTree = "<group>";
		};
		1A082 /* Products */ = {
			isa = PBXGroup;
			children = (
				1A060 /* Flowbar.app */,
			);
			name = Products;
			sourceTree = "<group>";
		};
		1A090 /* App */ = {
			isa = PBXGroup;
			children = (
				1A011 /* FlowbarApp.swift */,
				1A012 /* AppDelegate.swift */,
			);
			path = App;
			sourceTree = "<group>";
		};
		1A091 /* Core */ = {
			isa = PBXGroup;
			children = (
				1A0A0 /* Animations */,
				1A0A1 /* Models */,
				1A0A2 /* Persistence */,
				1A0A3 /* Utils */,
			);
			path = Core;
			sourceTree = "<group>";
		};
		1A0A0 /* Animations */ = {
			isa = PBXGroup;
			children = (
				1A013 /* FlowbarAnimations.swift */,
			);
			path = Animations;
			sourceTree = "<group>";
		};
		1A0A1 /* Models */ = {
			isa = PBXGroup;
			children = (
				1A014 /* AppAssignment.swift */,
				1A015 /* DNDApp.swift */,
				1A016 /* IconAssignment.swift */,
				1A017 /* Mode.swift */,
				1A018 /* OnboardingState.swift */,
				1A019 /* Preference.swift */,
			);
			path = Models;
			sourceTree = "<group>";
		};
		1A0A2 /* Persistence */ = {
			isa = PBXGroup;
			children = (
				1A020 /* DataController.swift */,
			);
			path = Persistence;
			sourceTree = "<group>";
		};
		1A0A3 /* Utils */ = {
			isa = PBXGroup;
			children = (
				1A022 /* FeedbackManager.swift */,
				1A024 /* OptimizationManager.swift */,
			);
			path = Utils;
			sourceTree = "<group>";
		};
		1A092 /* Features */ = {
			isa = PBXGroup;
			children = (
				1A0B0 /* FocusGuard */,
				1A0B1 /* Help */,
				1A0B2 /* Launcher */,
				1A0B3 /* MenuBar */,
				1A0B4 /* ModeSwitcher */,
				1A0B5 /* Onboarding */,
				1A0B6 /* Settings */,
			);
			path = Features;
			sourceTree = "<group>";
		};
		1A0B0 /* FocusGuard */ = {
			isa = PBXGroup;
			children = (
				1A026 /* FocusGuardManager.swift */,
				1A028 /* FocusGuardStatusOverlay.swift */,
			);
			path = FocusGuard;
			sourceTree = "<group>";
		};
		1A0B1 /* Help */ = {
			isa = PBXGroup;
			children = (
				1A030 /* HelpView.swift */,
			);
			path = Help;
			sourceTree = "<group>";
		};
		1A0B2 /* Launcher */ = {
			isa = PBXGroup;
			children = (
				1A032 /* LauncherManager.swift */,
			);
			path = Launcher;
			sourceTree = "<group>";
		};
		1A0B3 /* MenuBar */ = {
			isa = PBXGroup;
			children = (
				1A034 /* MenuBarManager.swift */,
			);
			path = MenuBar;
			sourceTree = "<group>";
		};
		1A0B4 /* ModeSwitcher */ = {
			isa = PBXGroup;
			children = (
				1A036 /* ModeManager.swift */,
			);
			path = ModeSwitcher;
			sourceTree = "<group>";
		};
		1A0B5 /* Onboarding */ = {
			isa = PBXGroup;
			children = (
				1A038 /* OnboardingCoordinator.swift */,
			);
			path = Onboarding;
			sourceTree = "<group>";
		};
		1A0B6 /* Settings */ = {
			isa = PBXGroup;
			children = (
				1A040 /* SettingsView.swift */,
			);
			path = Settings;
			sourceTree = "<group>";
		};
		1A093 /* Shared */ = {
			isa = PBXGroup;
			children = (
				1A0C0 /* Utils */,
				1A0C1 /* Views */,
			);
			path = Shared;
			sourceTree = "<group>";
		};
		1A0C0 /* Utils */ = {
			isa = PBXGroup;
			children = (
				1A042 /* Constants.swift */,
				1A044 /* Extensions.swift */,
				1A046 /* KeyboardShortcut.swift */,
			);
			path = Utils;
			sourceTree = "<group>";
		};
		1A0C1 /* Views */ = {
			isa = PBXGroup;
			children = (
				1A048 /* ModeSwitcherView.swift */,
			);
			path = Views;
			sourceTree = "<group>";
		};
		1A094 /* Resources */ = {
			isa = PBXGroup;
			children = (
				1A050 /* Assets.xcassets */,
			);
			path = Resources;
			sourceTree = "<group>";
		};
/* End PBXGroup section */

/* Begin PBXNativeTarget section */
		1A0D0 /* Flowbar */ = {
			isa = PBXNativeTarget;
			buildConfigurationList = 1A0D1 /* Build configuration list for PBXNativeTarget "Flowbar" */;
			buildPhases = (
				1A0D2 /* Sources */,
				1A070 /* Frameworks */,
				1A0D3 /* Resources */,
			);
			buildRules = (
			);
			dependencies = (
			);
			name = Flowbar;
			productName = Flowbar;
			productReference = 1A060 /* Flowbar.app */;
			productType = "com.apple.product-type.application";
		};
/* End PBXNativeTarget section */

/* Begin PBXProject section */
		1A0E0 /* Project object */ = {
			isa = PBXProject;
			attributes = {
				BuildIndependentTargetsInParallel = 1;
				LastSwiftUpdateCheck = 1500;
				LastUpgradeCheck = 1500;
				TargetAttributes = {
					1A0D0 = {
						CreatedOnToolsVersion = 15.0;
					};
				};
			};
			buildConfigurationList = 1A0E1 /* Build configuration list for PBXProject "Flowbar" */;
			compatibilityVersion = "Xcode 14.0";
			developmentRegion = en;
			hasScannedForEncodings = 0;
			knownRegions = (
				en,
				Base,
			);
			mainGroup = 1A080;
			productRefGroup = 1A082 /* Products */;
			projectDirPath = "";
			projectRoot = "";
			targets = (
				1A0D0 /* Flowbar */,
			);
		};
/* End PBXProject section */

/* Begin PBXResourcesBuildPhase section */
		1A0D3 /* Resources */ = {
			isa = PBXResourcesBuildPhase;
			buildActionMask = 2147483647;
			files = (
				1A049 /* Assets.xcassets in Resources */,
			);
			runOnlyForDeploymentPostprocessing = 0;
		};
/* End PBXResourcesBuildPhase section */

/* Begin PBXSourcesBuildPhase section */
		1A0D2 /* Sources */ = {
			isa = PBXSourcesBuildPhase;
			buildActionMask = 2147483647;
			files = (
				1A001 /* FlowbarApp.swift in Sources */,
				1A002 /* AppDelegate.swift in Sources */,
				1A003 /* FlowbarAnimations.swift in Sources */,
				1A004 /* AppAssignment.swift in Sources */,
				1A005 /* DNDApp.swift in Sources */,
				1A006 /* IconAssignment.swift in Sources */,
				1A007 /* Mode.swift in Sources */,
				1A008 /* OnboardingState.swift in Sources */,
				1A009 /* Preference.swift in Sources */,
				1A010 /* DataController.swift in Sources */,
				1A021 /* FeedbackManager.swift in Sources */,
				1A023 /* OptimizationManager.swift in Sources */,
				1A025 /* FocusGuardManager.swift in Sources */,
				1A027 /* FocusGuardStatusOverlay.swift in Sources */,
				1A029 /* HelpView.swift in Sources */,
				1A031 /* LauncherManager.swift in Sources */,
				1A033 /* MenuBarManager.swift in Sources */,
				1A035 /* ModeManager.swift in Sources */,
				1A037 /* OnboardingCoordinator.swift in Sources */,
				1A039 /* SettingsView.swift in Sources */,
				1A041 /* Constants.swift in Sources */,
				1A043 /* Extensions.swift in Sources */,
				1A045 /* KeyboardShortcut.swift in Sources */,
				1A047 /* ModeSwitcherView.swift in Sources */,
			);
			runOnlyForDeploymentPostprocessing = 0;
		};
/* End PBXSourcesBuildPhase section */

/* Begin XCBuildConfiguration section */
		1A0F0 /* Debug */ = {
			isa = XCBuildConfiguration;
			buildSettings = {
				ALWAYS_SEARCH_USER_PATHS = NO;
				ASSETCATALOG_COMPILER_GENERATE_SWIFT_ASSET_SYMBOL_EXTENSIONS = YES;
				CLANG_ANALYZER_NONNULL = YES;
				CLANG_ANALYZER_NUMBER_OBJECT_CONVERSION = YES_AGGRESSIVE;
				CLANG_CXX_LANGUAGE_STANDARD = "gnu++20";
				CLANG_ENABLE_MODULES = YES;
				CLANG_ENABLE_OBJC_ARC = YES;
				CLANG_ENABLE_OBJC_WEAK = YES;
				CLANG_WARN_BLOCK_CAPTURE_AUTORELEASING = YES;
				CLANG_WARN_BOOL_CONVERSION = YES;
				CLANG_WARN_COMMA = YES;
				CLANG_WARN_CONSTANT_CONVERSION = YES;
				CLANG_WARN_DEPRECATED_OBJC_IMPLEMENTATIONS = YES;
				CLANG_WARN_DIRECT_OBJC_ISA_USAGE = YES_ERROR;
				CLANG_WARN_DOCUMENTATION_COMMENTS = YES;
				CLANG_WARN_EMPTY_BODY = YES;
				CLANG_WARN_ENUM_CONVERSION = YES;
				CLANG_WARN_INFINITE_RECURSION = YES;
				CLANG_WARN_INT_CONVERSION = YES;
				CLANG_WARN_NON_LITERAL_NULL_CONVERSION = YES;
				CLANG_WARN_OBJC_IMPLICIT_RETAIN_SELF = YES;
				CLANG_WARN_OBJC_LITERAL_CONVERSION = YES;
				CLANG_WARN_OBJC_ROOT_CLASS = YES_ERROR;
				CLANG_WARN_QUOTED_INCLUDE_IN_FRAMEWORK_HEADER = YES;
				CLANG_WARN_RANGE_LOOP_ANALYSIS = YES;
				CLANG_WARN_STRICT_PROTOTYPES = YES;
				CLANG_WARN_SUSPICIOUS_MOVE = YES;
				CLANG_WARN_UNGUARDED_AVAILABILITY = YES_AGGRESSIVE;
				CLANG_WARN_UNREACHABLE_CODE = YES;
				CLANG_WARN__DUPLICATE_METHOD_MATCH = YES;
				COPY_PHASE_STRIP = NO;
				DEBUG_INFORMATION_FORMAT = dwarf;
				ENABLE_STRICT_OBJC_MSGSEND = YES;
				ENABLE_TESTABILITY = YES;
				ENABLE_USER_SCRIPT_SANDBOXING = YES;
				GCC_C_LANGUAGE_STANDARD = gnu17;
				GCC_DYNAMIC_NO_PIC = NO;
				GCC_NO_COMMON_BLOCKS = YES;
				GCC_OPTIMIZATION_LEVEL = 0;
				GCC_PREPROCESSOR_DEFINITIONS = (
					"DEBUG=1",
					"$(inherited)",
				);
				GCC_WARN_64_TO_32_BIT_CONVERSION = YES;
				GCC_WARN_ABOUT_RETURN_TYPE = YES_ERROR;
				GCC_WARN_UNDECLARED_SELECTOR = YES;
				GCC_WARN_UNINITIALIZED_AUTOS = YES_AGGRESSIVE;
				GCC_WARN_UNUSED_FUNCTION = YES;
				GCC_WARN_UNUSED_VARIABLE = YES;
				LOCALIZATION_PREFERS_STRING_CATALOGS = YES;
				MACOSX_DEPLOYMENT_TARGET = 14.0;
				MTL_ENABLE_DEBUG_INFO = INCLUDE_SOURCE;
				MTL_FAST_MATH = YES;
				ONLY_ACTIVE_ARCH = YES;
				SDKROOT = macosx;
				SWIFT_ACTIVE_COMPILATION_CONDITIONS = "DEBUG $(inherited)";
				SWIFT_OPTIMIZATION_LEVEL = "-Onone";
			};
			name = Debug;
		};
		1A0F1 /* Release */ = {
			isa = XCBuildConfiguration;
			buildSettings = {
				ALWAYS_SEARCH_USER_PATHS = NO;
				ASSETCATALOG_COMPILER_GENERATE_SWIFT_ASSET_SYMBOL_EXTENSIONS = YES;
				CLANG_ANALYZER_NONNULL = YES;
				CLANG_ANALYZER_NUMBER_OBJECT_CONVERSION = YES_AGGRESSIVE;
				CLANG_CXX_LANGUAGE_STANDARD = "gnu++20";
				CLANG_ENABLE_MODULES = YES;
				CLANG_ENABLE_OBJC_ARC = YES;
				CLANG_ENABLE_OBJC_WEAK = YES;
				CLANG_WARN_BLOCK_CAPTURE_AUTORELEASING = YES;
				CLANG_WARN_BOOL_CONVERSION = YES;
				CLANG_WARN_COMMA = YES;
				CLANG_WARN_CONSTANT_CONVERSION = YES;
				CLANG_WARN_DEPRECATED_OBJC_IMPLEMENTATIONS = YES;
				CLANG_WARN_DIRECT_OBJC_ISA_USAGE = YES_ERROR;
				CLANG_WARN_DOCUMENTATION_COMMENTS = YES;
				CLANG_WARN_EMPTY_BODY = YES;
				CLANG_WARN_ENUM_CONVERSION = YES;
				CLANG_WARN_INFINITE_RECURSION = YES;
				CLANG_WARN_INT_CONVERSION = YES;
				CLANG_WARN_NON_LITERAL_NULL_CONVERSION = YES;
				CLANG_WARN_OBJC_IMPLICIT_RETAIN_SELF = YES;
				CLANG_WARN_OBJC_LITERAL_CONVERSION = YES;
				CLANG_WARN_OBJC_ROOT_CLASS = YES_ERROR;
				CLANG_WARN_QUOTED_INCLUDE_IN_FRAMEWORK_HEADER = YES;
				CLANG_WARN_RANGE_LOOP_ANALYSIS = YES;
				CLANG_WARN_STRICT_PROTOTYPES = YES;
				CLANG_WARN_SUSPICIOUS_MOVE = YES;
				CLANG_WARN_UNGUARDED_AVAILABILITY = YES_AGGRESSIVE;
				CLANG_WARN_UNREACHABLE_CODE = YES;
				CLANG_WARN__DUPLICATE_METHOD_MATCH = YES;
				COPY_PHASE_STRIP = NO;
				DEBUG_INFORMATION_FORMAT = "dwarf-with-dsym";
				ENABLE_STRICT_OBJC_MSGSEND = YES;
				ENABLE_USER_SCRIPT_SANDBOXING = YES;
				GCC_C_LANGUAGE_STANDARD = gnu17;
				GCC_NO_COMMON_BLOCKS = YES;
				GCC_WARN_64_TO_32_BIT_CONVERSION = YES;
				GCC_WARN_ABOUT_RETURN_TYPE = YES_ERROR;
				GCC_WARN_UNDECLARED_SELECTOR = YES;
				GCC_WARN_UNINITIALIZED_AUTOS = YES_AGGRESSIVE;
				GCC_WARN_UNUSED_FUNCTION = YES;
				GCC_WARN_UNUSED_VARIABLE = YES;
				LOCALIZATION_PREFERS_STRING_CATALOGS = YES;
				MACOSX_DEPLOYMENT_TARGET = 14.0;
				MTL_ENABLE_DEBUG_INFO = NO;
				MTL_FAST_MATH = YES;
				SDKROOT = macosx;
				SWIFT_COMPILATION_MODE = wholemodule;
			};
			name = Release;
		};
		1A0F2 /* Debug */ = {
			isa = XCBuildConfiguration;
			buildSettings = {
				ASSETCATALOG_COMPILER_APPICON_NAME = AppIcon;
				ASSETCATALOG_COMPILER_GLOBAL_ACCENT_COLOR_NAME = AccentColor;
				CODE_SIGN_ENTITLEMENTS = Flowbar.entitlements;
				CODE_SIGN_STYLE = Automatic;
				COMBINE_HIDPI_IMAGES = YES;
				CURRENT_PROJECT_VERSION = 1;
				DEVELOPMENT_ASSET_PATHS = "";
				DEVELOPMENT_TEAM = "";
				ENABLE_HARDENED_RUNTIME = YES;
				ENABLE_PREVIEWS = YES;
				GENERATE_INFOPLIST_FILE = NO;
				INFOPLIST_FILE = Info.plist;
				INFOPLIST_KEY_NSHumanReadableCopyright = "";
				LD_RUNPATH_SEARCH_PATHS = (
					"$(inherited)",
					"@executable_path/../Frameworks",
				);
				MARKETING_VERSION = 1.0;
				PRODUCT_BUNDLE_IDENTIFIER = com.flowbar.app;
				PRODUCT_NAME = "$(TARGET_NAME)";
				SDKROOT = macosx;
				SWIFT_EMIT_LOC_STRINGS = YES;
				SWIFT_VERSION = 5.9;
			};
			name = Debug;
		};
		1A0F3 /* Release */ = {
			isa = XCBuildConfiguration;
			buildSettings = {
				ASSETCATALOG_COMPILER_APPICON_NAME = AppIcon;
				ASSETCATALOG_COMPILER_GLOBAL_ACCENT_COLOR_NAME = AccentColor;
				CODE_SIGN_ENTITLEMENTS = Flowbar.entitlements;
				CODE_SIGN_STYLE = Automatic;
				COMBINE_HIDPI_IMAGES = YES;
				CURRENT_PROJECT_VERSION = 1;
				DEVELOPMENT_ASSET_PATHS = "";
				DEVELOPMENT_TEAM = "";
				ENABLE_HARDENED_RUNTIME = YES;
				ENABLE_PREVIEWS = YES;
				GENERATE_INFOPLIST_FILE = NO;
				INFOPLIST_FILE = Info.plist;
				INFOPLIST_KEY_NSHumanReadableCopyright = "";
				LD_RUNPATH_SEARCH_PATHS = (
					"$(inherited)",
					"@executable_path/../Frameworks",
				);
				MARKETING_VERSION = 1.0;
				PRODUCT_BUNDLE_IDENTIFIER = com.flowbar.app;
				PRODUCT_NAME = "$(TARGET_NAME)";
				SDKROOT = macosx;
				SWIFT_EMIT_LOC_STRINGS = YES;
				SWIFT_VERSION = 5.9;
			};
			name = Release;
		};
/* End XCBuildConfiguration section */

/* Begin XCConfigurationList section */
		1A0D1 /* Build configuration list for PBXNativeTarget "Flowbar" */ = {
			isa = XCConfigurationList;
			buildConfigurations = (
				1A0F2 /* Debug */,
				1A0F3 /* Release */,
			);
			defaultConfigurationIsVisible = 0;
			defaultConfigurationName = Release;
		};
		1A0E1 /* Build configuration list for PBXProject "Flowbar" */ = {
			isa = XCConfigurationList;
			buildConfigurations = (
				1A0F0 /* Debug */,
				1A0F1 /* Release */,
			);
			defaultConfigurationIsVisible = 0;
			defaultConfigurationName = Release;
		};
/* End XCConfigurationList section */
	};
	rootObject = 1A0E0 /* Project object */;
}
