// !$*UTF8*$!
{
	archiveVersion = 1;
	classes = {
	};
	objectVersion = 56;
	objects = {

/* Begin PBXBuildFile section */
		AA0001 /* FlowbarApp.swift in Sources */ = {isa = PBXBuildFile; fileRef = AA0101; };
		AA0002 /* AppDelegate.swift in Sources */ = {isa = PBXBuildFile; fileRef = AA0102; };
		AA0003 /* FlowbarAnimations.swift in Sources */ = {isa = PBXBuildFile; fileRef = AA0103; };
		AA0004 /* AppAssignment.swift in Sources */ = {isa = PBXBuildFile; fileRef = AA0104; };
		AA0005 /* DNDApp.swift in Sources */ = {isa = PBXBuildFile; fileRef = AA0105; };
		AA0006 /* IconAssignment.swift in Sources */ = {isa = PBXBuildFile; fileRef = AA0106; };
		AA0007 /* Mode.swift in Sources */ = {isa = PBXBuildFile; fileRef = AA0107; };
		AA0008 /* OnboardingState.swift in Sources */ = {isa = PBXBuildFile; fileRef = AA0108; };
		AA0009 /* Preference.swift in Sources */ = {isa = PBXBuildFile; fileRef = AA0109; };
		AA0010 /* DataController.swift in Sources */ = {isa = PBXBuildFile; fileRef = AA0110; };
		AA0011 /* FeedbackManager.swift in Sources */ = {isa = PBXBuildFile; fileRef = AA0111; };
		AA0012 /* OptimizationManager.swift in Sources */ = {isa = PBXBuildFile; fileRef = AA0112; };
		AA0013 /* FocusGuardManager.swift in Sources */ = {isa = PBXBuildFile; fileRef = AA0113; };
		AA0014 /* FocusGuardStatusOverlay.swift in Sources */ = {isa = PBXBuildFile; fileRef = AA0114; };
		AA0015 /* HelpView.swift in Sources */ = {isa = PBXBuildFile; fileRef = AA0115; };
		AA0016 /* LauncherManager.swift in Sources */ = {isa = PBXBuildFile; fileRef = AA0116; };
		AA0017 /* MenuBarManager.swift in Sources */ = {isa = PBXBuildFile; fileRef = AA0117; };
		AA0018 /* ModeManager.swift in Sources */ = {isa = PBXBuildFile; fileRef = AA0118; };
		AA0019 /* OnboardingCoordinator.swift in Sources */ = {isa = PBXBuildFile; fileRef = AA0119; };
		AA0020 /* SettingsView.swift in Sources */ = {isa = PBXBuildFile; fileRef = AA0120; };
		AA0021 /* Constants.swift in Sources */ = {isa = PBXBuildFile; fileRef = AA0121; };
		AA0022 /* Extensions.swift in Sources */ = {isa = PBXBuildFile; fileRef = AA0122; };
		AA0023 /* KeyboardShortcut.swift in Sources */ = {isa = PBXBuildFile; fileRef = AA0123; };
		AA0024 /* ModeSwitcherView.swift in Sources */ = {isa = PBXBuildFile; fileRef = AA0124; };
		AA0025 /* Assets.xcassets in Resources */ = {isa = PBXBuildFile; fileRef = AA0125; };
/* End PBXBuildFile section */

/* Begin PBXFileReference section */
		AA0200 /* Flowbar.app */ = {isa = PBXFileReference; explicitFileType = wrapper.application; includeInIndex = 0; path = Flowbar.app; sourceTree = BUILT_PRODUCTS_DIR; };
		AA0101 /* FlowbarApp.swift */ = {isa = PBXFileReference; lastKnownFileType = sourcecode.swift; path = FlowbarApp.swift; sourceTree = "<group>"; };
		AA0102 /* AppDelegate.swift */ = {isa = PBXFileReference; lastKnownFileType = sourcecode.swift; path = AppDelegate.swift; sourceTree = "<group>"; };
		AA0103 /* FlowbarAnimations.swift */ = {isa = PBXFileReference; lastKnownFileType = sourcecode.swift; path = FlowbarAnimations.swift; sourceTree = "<group>"; };
		AA0104 /* AppAssignment.swift */ = {isa = PBXFileReference; lastKnownFileType = sourcecode.swift; path = AppAssignment.swift; sourceTree = "<group>"; };
		AA0105 /* DNDApp.swift */ = {isa = PBXFileReference; lastKnownFileType = sourcecode.swift; path = DNDApp.swift; sourceTree = "<group>"; };
		AA0106 /* IconAssignment.swift */ = {isa = PBXFileReference; lastKnownFileType = sourcecode.swift; path = IconAssignment.swift; sourceTree = "<group>"; };
		AA0107 /* Mode.swift */ = {isa = PBXFileReference; lastKnownFileType = sourcecode.swift; path = Mode.swift; sourceTree = "<group>"; };
		AA0108 /* OnboardingState.swift */ = {isa = PBXFileReference; lastKnownFileType = sourcecode.swift; path = OnboardingState.swift; sourceTree = "<group>"; };
		AA0109 /* Preference.swift */ = {isa = PBXFileReference; lastKnownFileType = sourcecode.swift; path = Preference.swift; sourceTree = "<group>"; };
		AA0110 /* DataController.swift */ = {isa = PBXFileReference; lastKnownFileType = sourcecode.swift; path = DataController.swift; sourceTree = "<group>"; };
		AA0111 /* FeedbackManager.swift */ = {isa = PBXFileReference; lastKnownFileType = sourcecode.swift; path = FeedbackManager.swift; sourceTree = "<group>"; };
		AA0112 /* OptimizationManager.swift */ = {isa = PBXFileReference; lastKnownFileType = sourcecode.swift; path = OptimizationManager.swift; sourceTree = "<group>"; };
		AA0113 /* FocusGuardManager.swift */ = {isa = PBXFileReference; lastKnownFileType = sourcecode.swift; path = FocusGuardManager.swift; sourceTree = "<group>"; };
		AA0114 /* FocusGuardStatusOverlay.swift */ = {isa = PBXFileReference; lastKnownFileType = sourcecode.swift; path = FocusGuardStatusOverlay.swift; sourceTree = "<group>"; };
		AA0115 /* HelpView.swift */ = {isa = PBXFileReference; lastKnownFileType = sourcecode.swift; path = HelpView.swift; sourceTree = "<group>"; };
		AA0116 /* LauncherManager.swift */ = {isa = PBXFileReference; lastKnownFileType = sourcecode.swift; path = LauncherManager.swift; sourceTree = "<group>"; };
		AA0117 /* MenuBarManager.swift */ = {isa = PBXFileReference; lastKnownFileType = sourcecode.swift; path = MenuBarManager.swift; sourceTree = "<group>"; };
		AA0118 /* ModeManager.swift */ = {isa = PBXFileReference; lastKnownFileType = sourcecode.swift; path = ModeManager.swift; sourceTree = "<group>"; };
		AA0119 /* OnboardingCoordinator.swift */ = {isa = PBXFileReference; lastKnownFileType = sourcecode.swift; path = OnboardingCoordinator.swift; sourceTree = "<group>"; };
		AA0120 /* SettingsView.swift */ = {isa = PBXFileReference; lastKnownFileType = sourcecode.swift; path = SettingsView.swift; sourceTree = "<group>"; };
		AA0121 /* Constants.swift */ = {isa = PBXFileReference; lastKnownFileType = sourcecode.swift; path = Constants.swift; sourceTree = "<group>"; };
		AA0122 /* Extensions.swift */ = {isa = PBXFileReference; lastKnownFileType = sourcecode.swift; path = Extensions.swift; sourceTree = "<group>"; };
		AA0123 /* KeyboardShortcut.swift */ = {isa = PBXFileReference; lastKnownFileType = sourcecode.swift; path = KeyboardShortcut.swift; sourceTree = "<group>"; };
		AA0124 /* ModeSwitcherView.swift */ = {isa = PBXFileReference; lastKnownFileType = sourcecode.swift; path = ModeSwitcherView.swift; sourceTree = "<group>"; };
		AA0125 /* Assets.xcassets */ = {isa = PBXFileReference; lastKnownFileType = folder.assetcatalog; path = Assets.xcassets; sourceTree = "<group>"; };
		AA0126 /* Info.plist */ = {isa = PBXFileReference; lastKnownFileType = text.plist.xml; path = Info.plist; sourceTree = "<group>"; };
		AA0127 /* Flowbar.entitlements */ = {isa = PBXFileReference; lastKnownFileType = text.plist.entitlements; path = Flowbar.entitlements; sourceTree = "<group>"; };
/* End PBXFileReference section */

/* Begin PBXFrameworksBuildPhase section */
		AA0300 /* Frameworks */ = {
			isa = PBXFrameworksBuildPhase;
			buildActionMask = 2147483647;
			files = (
			);
			runOnlyForDeploymentPostprocessing = 0;
		};
/* End PBXFrameworksBuildPhase section */

/* Begin PBXGroup section */
		AA0400 /* Project */ = {
			isa = PBXGroup;
			children = (
				AA0401 /* Flowbar */,
				AA0402 /* Products */,
			);
			sourceTree = "<group>";
		};
		AA0401 /* Flowbar */ = {
			isa = PBXGroup;
			children = (
				AA0410 /* App */,
				AA0411 /* Core */,
				AA0412 /* Features */,
				AA0413 /* Shared */,
				AA0414 /* Resources */,
				AA0126 /* Info.plist */,
				AA0127 /* Flowbar.entitlements */,
			);
			path = Flowbar;
			sourceTree = "<group>";
		};
		AA0402 /* Products */ = {
			isa = PBXGroup;
			children = (
				AA0200 /* Flowbar.app */,
			);
			name = Products;
			sourceTree = "<group>";
		};
		AA0410 /* App */ = {
			isa = PBXGroup;
			children = (
				AA0101 /* FlowbarApp.swift */,
				AA0102 /* AppDelegate.swift */,
			);
			path = App;
			sourceTree = "<group>";
		};
		AA0411 /* Core */ = {
			isa = PBXGroup;
			children = (
				AA0420 /* Animations */,
				AA0421 /* Models */,
				AA0422 /* Persistence */,
				AA0423 /* Utils */,
			);
			path = Core;
			sourceTree = "<group>";
		};
		AA0420 /* Animations */ = {
			isa = PBXGroup;
			children = (
				AA0103 /* FlowbarAnimations.swift */,
			);
			path = Animations;
			sourceTree = "<group>";
		};
		AA0421 /* Models */ = {
			isa = PBXGroup;
			children = (
				AA0104 /* AppAssignment.swift */,
				AA0105 /* DNDApp.swift */,
				AA0106 /* IconAssignment.swift */,
				AA0107 /* Mode.swift */,
				AA0108 /* OnboardingState.swift */,
				AA0109 /* Preference.swift */,
			);
			path = Models;
			sourceTree = "<group>";
		};
		AA0422 /* Persistence */ = {
			isa = PBXGroup;
			children = (
				AA0110 /* DataController.swift */,
			);
			path = Persistence;
			sourceTree = "<group>";
		};
		AA0423 /* Utils */ = {
			isa = PBXGroup;
			children = (
				AA0111 /* FeedbackManager.swift */,
				AA0112 /* OptimizationManager.swift */,
			);
			path = Utils;
			sourceTree = "<group>";
		};
		AA0412 /* Features */ = {
			isa = PBXGroup;
			children = (
				AA0430 /* FocusGuard */,
				AA0431 /* Help */,
				AA0432 /* Launcher */,
				AA0433 /* MenuBar */,
				AA0434 /* ModeSwitcher */,
				AA0435 /* Onboarding */,
				AA0436 /* Settings */,
			);
			path = Features;
			sourceTree = "<group>";
		};
		AA0430 /* FocusGuard */ = {
			isa = PBXGroup;
			children = (
				AA0113 /* FocusGuardManager.swift */,
				AA0114 /* FocusGuardStatusOverlay.swift */,
			);
			path = FocusGuard;
			sourceTree = "<group>";
		};
		AA0431 /* Help */ = {
			isa = PBXGroup;
			children = (
				AA0115 /* HelpView.swift */,
			);
			path = Help;
			sourceTree = "<group>";
		};
		AA0432 /* Launcher */ = {
			isa = PBXGroup;
			children = (
				AA0116 /* LauncherManager.swift */,
			);
			path = Launcher;
			sourceTree = "<group>";
		};
		AA0433 /* MenuBar */ = {
			isa = PBXGroup;
			children = (
				AA0117 /* MenuBarManager.swift */,
			);
			path = MenuBar;
			sourceTree = "<group>";
		};
		AA0434 /* ModeSwitcher */ = {
			isa = PBXGroup;
			children = (
				AA0118 /* ModeManager.swift */,
			);
			path = ModeSwitcher;
			sourceTree = "<group>";
		};
		AA0435 /* Onboarding */ = {
			isa = PBXGroup;
			children = (
				AA0119 /* OnboardingCoordinator.swift */,
			);
			path = Onboarding;
			sourceTree = "<group>";
		};
		AA0436 /* Settings */ = {
			isa = PBXGroup;
			children = (
				AA0120 /* SettingsView.swift */,
			);
			path = Settings;
			sourceTree = "<group>";
		};
		AA0413 /* Shared */ = {
			isa = PBXGroup;
			children = (
				AA0440 /* Utils */,
				AA0441 /* Views */,
			);
			path = Shared;
			sourceTree = "<group>";
		};
		AA0440 /* Utils */ = {
			isa = PBXGroup;
			children = (
				AA0121 /* Constants.swift */,
				AA0122 /* Extensions.swift */,
				AA0123 /* KeyboardShortcut.swift */,
			);
			path = Utils;
			sourceTree = "<group>";
		};
		AA0441 /* Views */ = {
			isa = PBXGroup;
			children = (
				AA0124 /* ModeSwitcherView.swift */,
			);
			path = Views;
			sourceTree = "<group>";
		};
		AA0414 /* Resources */ = {
			isa = PBXGroup;
			children = (
				AA0125 /* Assets.xcassets */,
			);
			path = Resources;
			sourceTree = "<group>";
		};
/* End PBXGroup section */

/* Begin PBXNativeTarget section */
		AA0500 /* Flowbar */ = {
			isa = PBXNativeTarget;
			buildConfigurationList = AA0501 /* Build configuration list for PBXNativeTarget "Flowbar" */;
			buildPhases = (
				AA0502 /* Sources */,
				AA0300 /* Frameworks */,
				AA0503 /* Resources */,
			);
			buildRules = (
			);
			dependencies = (
			);
			name = Flowbar;
			productName = Flowbar;
			productReference = AA0200 /* Flowbar.app */;
			productType = "com.apple.product-type.application";
		};
/* End PBXNativeTarget section */

/* Begin PBXProject section */
		AA0600 /* Project object */ = {
			isa = PBXProject;
			attributes = {
				BuildIndependentTargetsInParallel = 1;
				LastSwiftUpdateCheck = 1500;
				LastUpgradeCheck = 1500;
				TargetAttributes = {
					AA0500 = {
						CreatedOnToolsVersion = 15.0;
						LastSwiftMigration = 1500;
					};
				};
			};
			buildConfigurationList = AA0601 /* Build configuration list for PBXProject "Flowbar" */;
			compatibilityVersion = "Xcode 14.0";
			developmentRegion = en;
			hasScannedForEncodings = 0;
			knownRegions = (
				en,
				Base,
			);
			mainGroup = AA0400 /* Project */;
			productRefGroup = AA0402 /* Products */;
			projectDirPath = "";
			projectRoot = "";
			targets = (
				AA0500 /* Flowbar */,
			);
		};
/* End PBXProject section */

/* Begin PBXResourcesBuildPhase section */
		AA0503 /* Resources */ = {
			isa = PBXResourcesBuildPhase;
			buildActionMask = 2147483647;
			files = (
				AA0025 /* Assets.xcassets in Resources */,
			);
			runOnlyForDeploymentPostprocessing = 0;
		};
/* End PBXResourcesBuildPhase section */

/* Begin PBXSourcesBuildPhase section */
		AA0502 /* Sources */ = {
			isa = PBXSourcesBuildPhase;
			buildActionMask = 2147483647;
			files = (
				AA0001 /* FlowbarApp.swift in Sources */,
				AA0002 /* AppDelegate.swift in Sources */,
				AA0003 /* FlowbarAnimations.swift in Sources */,
				AA0004 /* AppAssignment.swift in Sources */,
				AA0005 /* DNDApp.swift in Sources */,
				AA0006 /* IconAssignment.swift in Sources */,
				AA0007 /* Mode.swift in Sources */,
				AA0008 /* OnboardingState.swift in Sources */,
				AA0009 /* Preference.swift in Sources */,
				AA0010 /* DataController.swift in Sources */,
				AA0011 /* FeedbackManager.swift in Sources */,
				AA0012 /* OptimizationManager.swift in Sources */,
				AA0013 /* FocusGuardManager.swift in Sources */,
				AA0014 /* FocusGuardStatusOverlay.swift in Sources */,
				AA0015 /* HelpView.swift in Sources */,
				AA0016 /* LauncherManager.swift in Sources */,
				AA0017 /* MenuBarManager.swift in Sources */,
				AA0018 /* ModeManager.swift in Sources */,
				AA0019 /* OnboardingCoordinator.swift in Sources */,
				AA0020 /* SettingsView.swift in Sources */,
				AA0021 /* Constants.swift in Sources */,
				AA0022 /* Extensions.swift in Sources */,
				AA0023 /* KeyboardShortcut.swift in Sources */,
				AA0024 /* ModeSwitcherView.swift in Sources */,
			);
			runOnlyForDeploymentPostprocessing = 0;
		};
/* End PBXSourcesBuildPhase section */

/* Begin XCBuildConfiguration section */
		AA0700 /* Debug */ = {
			isa = XCBuildConfiguration;
			buildSettings = {
				ALWAYS_SEARCH_USER_PATHS = NO;
				ASSETCATALOG_COMPILER_GENERATE_SWIFT_ASSET_SYMBOL_EXTENSIONS = YES;
				CLANG_ANALYZER_NONNULL = YES;
				CLANG_ANALYZER_NUMBER_OBJECT_CONVERSION = YES_AGGRESSIVE;
				CLANG_CXX_LANGUAGE_STANDARD = "gnu++20";
				CLANG_ENABLE_MODULES = YES;
				CLANG_ENABLE_OBJC_ARC = YES;
				CLANG_ENABLE_OBJC_WEAK = YES;
				CLANG_WARN_BLOCK_CAPTURE_AUTORELEASING = YES;
				CLANG_WARN_BOOL_CONVERSION = YES;
				CLANG_WARN_COMMA = YES;
				CLANG_WARN_CONSTANT_CONVERSION = YES;
				CLANG_WARN_DEPRECATED_OBJC_IMPLEMENTATIONS = YES;
				CLANG_WARN_DIRECT_OBJC_ISA_USAGE = YES_ERROR;
				CLANG_WARN_DOCUMENTATION_COMMENTS = YES;
				CLANG_WARN_EMPTY_BODY = YES;
				CLANG_WARN_ENUM_CONVERSION = YES;
				CLANG_WARN_INFINITE_RECURSION = YES;
				CLANG_WARN_INT_CONVERSION = YES;
				CLANG_WARN_NON_LITERAL_NULL_CONVERSION = YES;
				CLANG_WARN_OBJC_IMPLICIT_RETAIN_SELF = YES;
				CLANG_WARN_OBJC_LITERAL_CONVERSION = YES;
				CLANG_WARN_OBJC_ROOT_CLASS = YES_ERROR;
				CLANG_WARN_QUOTED_INCLUDE_IN_FRAMEWORK_HEADER = YES;
				CLANG_WARN_RANGE_LOOP_ANALYSIS = YES;
				CLANG_WARN_STRICT_PROTOTYPES = YES;
				CLANG_WARN_SUSPICIOUS_MOVE = YES;
				CLANG_WARN_UNGUARDED_AVAILABILITY = YES_AGGRESSIVE;
				CLANG_WARN_UNREACHABLE_CODE = YES;
				CLANG_WARN__DUPLICATE_METHOD_MATCH = YES;
				COPY_PHASE_STRIP = NO;
				DEBUG_INFORMATION_FORMAT = dwarf;
				ENABLE_STRICT_OBJC_MSGSEND = YES;
				ENABLE_TESTABILITY = YES;
				ENABLE_USER_SCRIPT_SANDBOXING = YES;
				GCC_C_LANGUAGE_STANDARD = gnu17;
				GCC_DYNAMIC_NO_PIC = NO;
				GCC_NO_COMMON_BLOCKS = YES;
				GCC_OPTIMIZATION_LEVEL = 0;
				GCC_PREPROCESSOR_DEFINITIONS = (
					"DEBUG=1",
					"$(inherited)",
				);
				GCC_WARN_64_TO_32_BIT_CONVERSION = YES;
				GCC_WARN_ABOUT_RETURN_TYPE = YES_ERROR;
				GCC_WARN_UNDECLARED_SELECTOR = YES;
				GCC_WARN_UNINITIALIZED_AUTOS = YES_AGGRESSIVE;
				GCC_WARN_UNUSED_FUNCTION = YES;
				GCC_WARN_UNUSED_VARIABLE = YES;
				LOCALIZATION_PREFERS_STRING_CATALOGS = YES;
				MACOSX_DEPLOYMENT_TARGET = 14.0;
				MTL_ENABLE_DEBUG_INFO = INCLUDE_SOURCE;
				MTL_FAST_MATH = YES;
				ONLY_ACTIVE_ARCH = YES;
				SDKROOT = macosx;
				SWIFT_ACTIVE_COMPILATION_CONDITIONS = "DEBUG $(inherited)";
				SWIFT_OPTIMIZATION_LEVEL = "-Onone";
			};
			name = Debug;
		};
		AA0701 /* Release */ = {
			isa = XCBuildConfiguration;
			buildSettings = {
				ALWAYS_SEARCH_USER_PATHS = NO;
				ASSETCATALOG_COMPILER_GENERATE_SWIFT_ASSET_SYMBOL_EXTENSIONS = YES;
				CLANG_ANALYZER_NONNULL = YES;
				CLANG_ANALYZER_NUMBER_OBJECT_CONVERSION = YES_AGGRESSIVE;
				CLANG_CXX_LANGUAGE_STANDARD = "gnu++20";
				CLANG_ENABLE_MODULES = YES;
				CLANG_ENABLE_OBJC_ARC = YES;
				CLANG_ENABLE_OBJC_WEAK = YES;
				CLANG_WARN_BLOCK_CAPTURE_AUTORELEASING = YES;
				CLANG_WARN_BOOL_CONVERSION = YES;
				CLANG_WARN_COMMA = YES;
				CLANG_WARN_CONSTANT_CONVERSION = YES;
				CLANG_WARN_DEPRECATED_OBJC_IMPLEMENTATIONS = YES;
				CLANG_WARN_DIRECT_OBJC_ISA_USAGE = YES_ERROR;
				CLANG_WARN_DOCUMENTATION_COMMENTS = YES;
				CLANG_WARN_EMPTY_BODY = YES;
				CLANG_WARN_ENUM_CONVERSION = YES;
				CLANG_WARN_INFINITE_RECURSION = YES;
				CLANG_WARN_INT_CONVERSION = YES;
				CLANG_WARN_NON_LITERAL_NULL_CONVERSION = YES;
				CLANG_WARN_OBJC_IMPLICIT_RETAIN_SELF = YES;
				CLANG_WARN_OBJC_LITERAL_CONVERSION = YES;
				CLANG_WARN_OBJC_ROOT_CLASS = YES_ERROR;
				CLANG_WARN_QUOTED_INCLUDE_IN_FRAMEWORK_HEADER = YES;
				CLANG_WARN_RANGE_LOOP_ANALYSIS = YES;
				CLANG_WARN_STRICT_PROTOTYPES = YES;
				CLANG_WARN_SUSPICIOUS_MOVE = YES;
				CLANG_WARN_UNGUARDED_AVAILABILITY = YES_AGGRESSIVE;
				CLANG_WARN_UNREACHABLE_CODE = YES;
				CLANG_WARN__DUPLICATE_METHOD_MATCH = YES;
				COPY_PHASE_STRIP = NO;
				DEBUG_INFORMATION_FORMAT = "dwarf-with-dsym";
				ENABLE_STRICT_OBJC_MSGSEND = YES;
				ENABLE_USER_SCRIPT_SANDBOXING = YES;
				GCC_C_LANGUAGE_STANDARD = gnu17;
				GCC_NO_COMMON_BLOCKS = YES;
				GCC_WARN_64_TO_32_BIT_CONVERSION = YES;
				GCC_WARN_ABOUT_RETURN_TYPE = YES_ERROR;
				GCC_WARN_UNDECLARED_SELECTOR = YES;
				GCC_WARN_UNINITIALIZED_AUTOS = YES_AGGRESSIVE;
				GCC_WARN_UNUSED_FUNCTION = YES;
				GCC_WARN_UNUSED_VARIABLE = YES;
				LOCALIZATION_PREFERS_STRING_CATALOGS = YES;
				MACOSX_DEPLOYMENT_TARGET = 14.0;
				MTL_ENABLE_DEBUG_INFO = NO;
				MTL_FAST_MATH = YES;
				SDKROOT = macosx;
				SWIFT_COMPILATION_MODE = wholemodule;
			};
			name = Release;
		};
		AA0702 /* Debug */ = {
			isa = XCBuildConfiguration;
			buildSettings = {
				ASSETCATALOG_COMPILER_APPICON_NAME = AppIcon;
				ASSETCATALOG_COMPILER_GLOBAL_ACCENT_COLOR_NAME = AccentColor;
				CODE_SIGN_ENTITLEMENTS = Flowbar/Flowbar.entitlements;
				CODE_SIGN_STYLE = Automatic;
				COMBINE_HIDPI_IMAGES = YES;
				CURRENT_PROJECT_VERSION = 1;
				DEVELOPMENT_ASSET_PATHS = "";
				DEVELOPMENT_TEAM = "";
				ENABLE_HARDENED_RUNTIME = YES;
				ENABLE_PREVIEWS = YES;
				GENERATE_INFOPLIST_FILE = NO;
				INFOPLIST_FILE = Flowbar/Flowbar/Info.plist;
				INFOPLIST_KEY_NSHumanReadableCopyright = "";
				LD_RUNPATH_SEARCH_PATHS = (
					"$(inherited)",
					"@executable_path/../Frameworks",
				);
				MARKETING_VERSION = 1.0;
				PRODUCT_BUNDLE_IDENTIFIER = com.flowbar.app;
				PRODUCT_NAME = "$(TARGET_NAME)";
				SDKROOT = macosx;
				SWIFT_EMIT_LOC_STRINGS = YES;
				SWIFT_VERSION = 5.9;
			};
			name = Debug;
		};
		AA0703 /* Release */ = {
			isa = XCBuildConfiguration;
			buildSettings = {
				ASSETCATALOG_COMPILER_APPICON_NAME = AppIcon;
				ASSETCATALOG_COMPILER_GLOBAL_ACCENT_COLOR_NAME = AccentColor;
				CODE_SIGN_ENTITLEMENTS = Flowbar/Flowbar.entitlements;
				CODE_SIGN_STYLE = Automatic;
				COMBINE_HIDPI_IMAGES = YES;
				CURRENT_PROJECT_VERSION = 1;
				DEVELOPMENT_ASSET_PATHS = "";
				DEVELOPMENT_TEAM = "";
				ENABLE_HARDENED_RUNTIME = YES;
				ENABLE_PREVIEWS = YES;
				GENERATE_INFOPLIST_FILE = NO;
				INFOPLIST_FILE = Flowbar/Flowbar/Info.plist;
				INFOPLIST_KEY_NSHumanReadableCopyright = "";
				LD_RUNPATH_SEARCH_PATHS = (
					"$(inherited)",
					"@executable_path/../Frameworks",
				);
				MARKETING_VERSION = 1.0;
				PRODUCT_BUNDLE_IDENTIFIER = com.flowbar.app;
				PRODUCT_NAME = "$(TARGET_NAME)";
				SDKROOT = macosx;
				SWIFT_EMIT_LOC_STRINGS = YES;
				SWIFT_VERSION = 5.9;
			};
			name = Release;
		};
/* End XCBuildConfiguration section */

/* Begin XCConfigurationList section */
		AA0501 /* Build configuration list for PBXNativeTarget "Flowbar" */ = {
			isa = XCConfigurationList;
			buildConfigurations = (
				AA0702 /* Debug */,
				AA0703 /* Release */,
			);
			defaultConfigurationIsVisible = 0;
			defaultConfigurationName = Release;
		};
		AA0601 /* Build configuration list for PBXProject "Flowbar" */ = {
			isa = XCConfigurationList;
			buildConfigurations = (
				AA0700 /* Debug */,
				AA0701 /* Release */,
			);
			defaultConfigurationIsVisible = 0;
			defaultConfigurationName = Release;
		};
/* End XCConfigurationList section */
	};
	rootObject = AA0600 /* Project object */;
}
